// !$*UTF8*$!
{
	archiveVersion = 1;
	classes = {
	};
	objectVersion = 50;
	objects = {

/* Begin PBXBuildFile section */
		F45314952625F7CF00310D76 /* Order.swift in Sources */ = {isa = PBXBuildFile; fileRef = F45314942625F7CF00310D76 /* Order.swift */; };
		F45314982625F80F00310D76 /* Ingredients.swift in Sources */ = {isa = PBXBuildFile; fileRef = F45314972625F80F00310D76 /* Ingredients.swift */; };
		F453149B2625F83300310D76 /* Error.swift in Sources */ = {isa = PBXBuildFile; fileRef = F453149A2625F83300310D76 /* Error.swift */; };
		F485FD98257D4533008BB6AB /* AppDelegate.swift in Sources */ = {isa = PBXBuildFile; fileRef = F485FD97257D4533008BB6AB /* AppDelegate.swift */; };
		F485FD9A257D4533008BB6AB /* SceneDelegate.swift in Sources */ = {isa = PBXBuildFile; fileRef = F485FD99257D4533008BB6AB /* SceneDelegate.swift */; };
		F485FD9C257D4533008BB6AB /* ContentView.swift in Sources */ = {isa = PBXBuildFile; fileRef = F485FD9B257D4533008BB6AB /* ContentView.swift */; };
		F485FD9E257D4534008BB6AB /* Assets.xcassets in Resources */ = {isa = PBXBuildFile; fileRef = F485FD9D257D4534008BB6AB /* Assets.xcassets */; };
		F485FDA1257D4534008BB6AB /* Preview Assets.xcassets in Resources */ = {isa = PBXBuildFile; fileRef = F485FDA0257D4534008BB6AB /* Preview Assets.xcassets */; };
		F485FDA4257D4534008BB6AB /* LaunchScreen.storyboard in Resources */ = {isa = PBXBuildFile; fileRef = F485FDA2257D4534008BB6AB /* LaunchScreen.storyboard */; };
		F485FDAD257D5380008BB6AB /* PickToppings.swift in Sources */ = {isa = PBXBuildFile; fileRef = F485FDAC257D5380008BB6AB /* PickToppings.swift */; };
/* End PBXBuildFile section */

/* Begin PBXFileReference section */
		F45314942625F7CF00310D76 /* Order.swift */ = {isa = PBXFileReference; lastKnownFileType = sourcecode.swift; path = Order.swift; sourceTree = "<group>"; };
		F45314972625F80F00310D76 /* Ingredients.swift */ = {isa = PBXFileReference; lastKnownFileType = sourcecode.swift; path = Ingredients.swift; sourceTree = "<group>"; };
		F453149A2625F83300310D76 /* Error.swift */ = {isa = PBXFileReference; lastKnownFileType = sourcecode.swift; path = Error.swift; sourceTree = "<group>"; };
		F485FD94257D4533008BB6AB /* OrderLunchWrap.app */ = {isa = PBXFileReference; explicitFileType = wrapper.application; includeInIndex = 0; path = OrderLunchWrap.app; sourceTree = BUILT_PRODUCTS_DIR; };
		F485FD97257D4533008BB6AB /* AppDelegate.swift */ = {isa = PBXFileReference; lastKnownFileType = sourcecode.swift; path = AppDelegate.swift; sourceTree = "<group>"; };
		F485FD99257D4533008BB6AB /* SceneDelegate.swift */ = {isa = PBXFileReference; lastKnownFileType = sourcecode.swift; path = SceneDelegate.swift; sourceTree = "<group>"; };
		F485FD9B257D4533008BB6AB /* ContentView.swift */ = {isa = PBXFileReference; lastKnownFileType = sourcecode.swift; path = ContentView.swift; sourceTree = "<group>"; };
		F485FD9D257D4534008BB6AB /* Assets.xcassets */ = {isa = PBXFileReference; lastKnownFileType = folder.assetcatalog; path = Assets.xcassets; sourceTree = "<group>"; };
		F485FDA0257D4534008BB6AB /* Preview Assets.xcassets */ = {isa = PBXFileReference; lastKnownFileType = folder.assetcatalog; path = "Preview Assets.xcassets"; sourceTree = "<group>"; };
		F485FDA3257D4534008BB6AB /* Base */ = {isa = PBXFileReference; lastKnownFileType = file.storyboard; name = Base; path = Base.lproj/LaunchScreen.storyboard; sourceTree = "<group>"; };
		F485FDA5257D4534008BB6AB /* Info.plist */ = {isa = PBXFileReference; lastKnownFileType = text.plist.xml; path = Info.plist; sourceTree = "<group>"; };
		F485FDAC257D5380008BB6AB /* PickToppings.swift */ = {isa = PBXFileReference; lastKnownFileType = sourcecode.swift; path = PickToppings.swift; sourceTree = "<group>"; };
/* End PBXFileReference section */

/* Begin PBXFrameworksBuildPhase section */
		F485FD91257D4533008BB6AB /* Frameworks */ = {
			isa = PBXFrameworksBuildPhase;
			buildActionMask = 2147483647;
			files = (
			);
			runOnlyForDeploymentPostprocessing = 0;
		};
/* End PBXFrameworksBuildPhase section */

/* Begin PBXGroup section */
		F45314912625F78900310D76 /* Views */ = {
			isa = PBXGroup;
			children = (
				F485FDAC257D5380008BB6AB /* PickToppings.swift */,
				F485FD9B257D4533008BB6AB /* ContentView.swift */,
			);
			path = Views;
			sourceTree = "<group>";
		};
		F45314922625F79300310D76 /* Models */ = {
			isa = PBXGroup;
			children = (
				F45314972625F80F00310D76 /* Ingredients.swift */,
			);
			path = Models;
			sourceTree = "<group>";
		};
		F45314932625F7B400310D76 /* ViewModel */ = {
			isa = PBXGroup;
			children = (
				F45314942625F7CF00310D76 /* Order.swift */,
			);
			path = ViewModel;
			sourceTree = "<group>";
		};
		F485FD8B257D4533008BB6AB = {
			isa = PBXGroup;
			children = (
				F485FD96257D4533008BB6AB /* OrderLunchWrap */,
				F485FD95257D4533008BB6AB /* Products */,
			);
			sourceTree = "<group>";
		};
		F485FD95257D4533008BB6AB /* Products */ = {
			isa = PBXGroup;
			children = (
				F485FD94257D4533008BB6AB /* OrderLunchWrap.app */,
			);
			name = Products;
			sourceTree = "<group>";
		};
		F485FD96257D4533008BB6AB /* OrderLunchWrap */ = {
			isa = PBXGroup;
			children = (
				F485FD97257D4533008BB6AB /* AppDelegate.swift */,
				F485FD99257D4533008BB6AB /* SceneDelegate.swift */,
				F45314912625F78900310D76 /* Views */,
				F45314922625F79300310D76 /* Models */,
				F485FD9D257D4534008BB6AB /* Assets.xcassets */,
				F45314932625F7B400310D76 /* ViewModel */,
				F453149A2625F83300310D76 /* Error.swift */,
				F485FDA2257D4534008BB6AB /* LaunchScreen.storyboard */,
				F485FDA5257D4534008BB6AB /* Info.plist */,
				F485FD9F257D4534008BB6AB /* Preview Content */,
			);
			path = OrderLunchWrap;
			sourceTree = "<group>";
		};
		F485FD9F257D4534008BB6AB /* Preview Content */ = {
			isa = PBXGroup;
			children = (
				F485FDA0257D4534008BB6AB /* Preview Assets.xcassets */,
			);
			path = "Preview Content";
			sourceTree = "<group>";
		};
/* End PBXGroup section */

/* Begin PBXNativeTarget section */
		F485FD93257D4533008BB6AB /* OrderLunchWrap */ = {
			isa = PBXNativeTarget;
			buildConfigurationList = F485FDA8257D4534008BB6AB /* Build configuration list for PBXNativeTarget "OrderLunchWrap" */;
			buildPhases = (
				F485FD90257D4533008BB6AB /* Sources */,
				F485FD91257D4533008BB6AB /* Frameworks */,
				F485FD92257D4533008BB6AB /* Resources */,
			);
			buildRules = (
			);
			dependencies = (
			);
			name = OrderLunchWrap;
			productName = OrderLunchWrap;
			productReference = F485FD94257D4533008BB6AB /* OrderLunchWrap.app */;
			productType = "com.apple.product-type.application";
		};
/* End PBXNativeTarget section */

/* Begin PBXProject section */
		F485FD8C257D4533008BB6AB /* Project object */ = {
			isa = PBXProject;
			attributes = {
				LastSwiftUpdateCheck = 1220;
				LastUpgradeCheck = 1220;
				TargetAttributes = {
					F485FD93257D4533008BB6AB = {
						CreatedOnToolsVersion = 12.2;
					};
				};
			};
			buildConfigurationList = F485FD8F257D4533008BB6AB /* Build configuration list for PBXProject "OrderLunchWrap" */;
			compatibilityVersion = "Xcode 9.3";
			developmentRegion = en;
			hasScannedForEncodings = 0;
			knownRegions = (
				en,
				Base,
			);
			mainGroup = F485FD8B257D4533008BB6AB;
			productRefGroup = F485FD95257D4533008BB6AB /* Products */;
			projectDirPath = "";
			projectRoot = "";
			targets = (
				F485FD93257D4533008BB6AB /* OrderLunchWrap */,
			);
		};
/* End PBXProject section */

/* Begin PBXResourcesBuildPhase section */
		F485FD92257D4533008BB6AB /* Resources */ = {
			isa = PBXResourcesBuildPhase;
			buildActionMask = 2147483647;
			files = (
				F485FDA4257D4534008BB6AB /* LaunchScreen.storyboard in Resources */,
				F485FDA1257D4534008BB6AB /* Preview Assets.xcassets in Resources */,
				F485FD9E257D4534008BB6AB /* Assets.xcassets in Resources */,
			);
			runOnlyForDeploymentPostprocessing = 0;
		};
/* End PBXResourcesBuildPhase section */

/* Begin PBXSourcesBuildPhase section */
		F485FD90257D4533008BB6AB /* Sources */ = {
			isa = PBXSourcesBuildPhase;
			buildActionMask = 2147483647;
			files = (
				F485FDAD257D5380008BB6AB /* PickToppings.swift in Sources */,
				F485FD98257D4533008BB6AB /* AppDelegate.swift in Sources */,
				F45314952625F7CF00310D76 /* Order.swift in Sources */,
				F45314982625F80F00310D76 /* Ingredients.swift in Sources */,
				F485FD9A257D4533008BB6AB /* SceneDelegate.swift in Sources */,
				F453149B2625F83300310D76 /* Error.swift in Sources */,
				F485FD9C257D4533008BB6AB /* ContentView.swift in Sources */,
			);
			runOnlyForDeploymentPostprocessing = 0;
		};
/* End PBXSourcesBuildPhase section */

/* Begin PBXVariantGroup section */
		F485FDA2257D4534008BB6AB /* LaunchScreen.storyboard */ = {
			isa = PBXVariantGroup;
			children = (
				F485FDA3257D4534008BB6AB /* Base */,
			);
			name = LaunchScreen.storyboard;
			sourceTree = "<group>";
		};
/* End PBXVariantGroup section */

/* Begin XCBuildConfiguration section */
		F485FDA6257D4534008BB6AB /* Debug */ = {
			isa = XCBuildConfiguration;
			buildSettings = {
				ALWAYS_SEARCH_USER_PATHS = NO;
				CLANG_ANALYZER_NONNULL = YES;
				CLANG_ANALYZER_NUMBER_OBJECT_CONVERSION = YES_AGGRESSIVE;
				CLANG_CXX_LANGUAGE_STANDARD = "gnu++14";
				CLANG_CXX_LIBRARY = "libc++";
				CLANG_ENABLE_MODULES = YES;
				CLANG_ENABLE_OBJC_ARC = YES;
				CLANG_ENABLE_OBJC_WEAK = YES;
				CLANG_WARN_BLOCK_CAPTURE_AUTORELEASING = YES;
				CLANG_WARN_BOOL_CONVERSION = YES;
				CLANG_WARN_COMMA = YES;
				CLANG_WARN_CONSTANT_CONVERSION = YES;
				CLANG_WARN_DEPRECATED_OBJC_IMPLEMENTATIONS = YES;
				CLANG_WARN_DIRECT_OBJC_ISA_USAGE = YES_ERROR;
				CLANG_WARN_DOCUMENTATION_COMMENTS = YES;
				CLANG_WARN_EMPTY_BODY = YES;
				CLANG_WARN_ENUM_CONVERSION = YES;
				CLANG_WARN_INFINITE_RECURSION = YES;
				CLANG_WARN_INT_CONVERSION = YES;
				CLANG_WARN_NON_LITERAL_NULL_CONVERSION = YES;
				CLANG_WARN_OBJC_IMPLICIT_RETAIN_SELF = YES;
				CLANG_WARN_OBJC_LITERAL_CONVERSION = YES;
				CLANG_WARN_OBJC_ROOT_CLASS = YES_ERROR;
				CLANG_WARN_QUOTED_INCLUDE_IN_FRAMEWORK_HEADER = YES;
				CLANG_WARN_RANGE_LOOP_ANALYSIS = YES;
				CLANG_WARN_STRICT_PROTOTYPES = YES;
				CLANG_WARN_SUSPICIOUS_MOVE = YES;
				CLANG_WARN_UNGUARDED_AVAILABILITY = YES_AGGRESSIVE;
				CLANG_WARN_UNREACHABLE_CODE = YES;
				CLANG_WARN__DUPLICATE_METHOD_MATCH = YES;
				COPY_PHASE_STRIP = NO;
				DEBUG_INFORMATION_FORMAT = dwarf;
				ENABLE_STRICT_OBJC_MSGSEND = YES;
				ENABLE_TESTABILITY = YES;
				GCC_C_LANGUAGE_STANDARD = gnu11;
				GCC_DYNAMIC_NO_PIC = NO;
				GCC_NO_COMMON_BLOCKS = YES;
				GCC_OPTIMIZATION_LEVEL = 0;
				GCC_PREPROCESSOR_DEFINITIONS = (
					"DEBUG=1",
					"$(inherited)",
				);
				GCC_WARN_64_TO_32_BIT_CONVERSION = YES;
				GCC_WARN_ABOUT_RETURN_TYPE = YES_ERROR;
				GCC_WARN_UNDECLARED_SELECTOR = YES;
				GCC_WARN_UNINITIALIZED_AUTOS = YES_AGGRESSIVE;
				GCC_WARN_UNUSED_FUNCTION = YES;
				GCC_WARN_UNUSED_VARIABLE = YES;
				IPHONEOS_DEPLOYMENT_TARGET = 14.2;
				MTL_ENABLE_DEBUG_INFO = INCLUDE_SOURCE;
				MTL_FAST_MATH = YES;
				ONLY_ACTIVE_ARCH = YES;
				SDKROOT = iphoneos;
				SWIFT_ACTIVE_COMPILATION_CONDITIONS = DEBUG;
				SWIFT_OPTIMIZATION_LEVEL = "-Onone";
			};
			name = Debug;
		};
		F485FDA7257D4534008BB6AB /* Release */ = {
			isa = XCBuildConfiguration;
			buildSettings = {
				ALWAYS_SEARCH_USER_PATHS = NO;
				CLANG_ANALYZER_NONNULL = YES;
				CLANG_ANALYZER_NUMBER_OBJECT_CONVERSION = YES_AGGRESSIVE;
				CLANG_CXX_LANGUAGE_STANDARD = "gnu++14";
				CLANG_CXX_LIBRARY = "libc++";
				CLANG_ENABLE_MODULES = YES;
				CLANG_ENABLE_OBJC_ARC = YES;
				CLANG_ENABLE_OBJC_WEAK = YES;
				CLANG_WARN_BLOCK_CAPTURE_AUTORELEASING = YES;
				CLANG_WARN_BOOL_CONVERSION = YES;
				CLANG_WARN_COMMA = YES;
				CLANG_WARN_CONSTANT_CONVERSION = YES;
				CLANG_WARN_DEPRECATED_OBJC_IMPLEMENTATIONS = YES;
				CLANG_WARN_DIRECT_OBJC_ISA_USAGE = YES_ERROR;
				CLANG_WARN_DOCUMENTATION_COMMENTS = YES;
				CLANG_WARN_EMPTY_BODY = YES;
				CLANG_WARN_ENUM_CONVERSION = YES;
				CLANG_WARN_INFINITE_RECURSION = YES;
				CLANG_WARN_INT_CONVERSION = YES;
				CLANG_WARN_NON_LITERAL_NULL_CONVERSION = YES;
				CLANG_WARN_OBJC_IMPLICIT_RETAIN_SELF = YES;
				CLANG_WARN_OBJC_LITERAL_CONVERSION = YES;
				CLANG_WARN_OBJC_ROOT_CLASS = YES_ERROR;
				CLANG_WARN_QUOTED_INCLUDE_IN_FRAMEWORK_HEADER = YES;
				CLANG_WARN_RANGE_LOOP_ANALYSIS = YES;
				CLANG_WARN_STRICT_PROTOTYPES = YES;
				CLANG_WARN_SUSPICIOUS_MOVE = YES;
				CLANG_WARN_UNGUARDED_AVAILABILITY = YES_AGGRESSIVE;
				CLANG_WARN_UNREACHABLE_CODE = YES;
				CLANG_WARN__DUPLICATE_METHOD_MATCH = YES;
				COPY_PHASE_STRIP = NO;
				DEBUG_INFORMATION_FORMAT = "dwarf-with-dsym";
				ENABLE_NS_ASSERTIONS = NO;
				ENABLE_STRICT_OBJC_MSGSEND = YES;
				GCC_C_LANGUAGE_STANDARD = gnu11;
				GCC_NO_COMMON_BLOCKS = YES;
				GCC_WARN_64_TO_32_BIT_CONVERSION = YES;
				GCC_WARN_ABOUT_RETURN_TYPE = YES_ERROR;
				GCC_WARN_UNDECLARED_SELECTOR = YES;
				GCC_WARN_UNINITIALIZED_AUTOS = YES_AGGRESSIVE;
				GCC_WARN_UNUSED_FUNCTION = YES;
				GCC_WARN_UNUSED_VARIABLE = YES;
				IPHONEOS_DEPLOYMENT_TARGET = 14.2;
				MTL_ENABLE_DEBUG_INFO = NO;
				MTL_FAST_MATH = YES;
				SDKROOT = iphoneos;
				SWIFT_COMPILATION_MODE = wholemodule;
				SWIFT_OPTIMIZATION_LEVEL = "-O";
				VALIDATE_PRODUCT = YES;
			};
			name = Release;
		};
		F485FDA9257D4534008BB6AB /* Debug */ = {
			isa = XCBuildConfiguration;
			buildSettings = {
				ASSETCATALOG_COMPILER_APPICON_NAME = AppIcon;
				ASSETCATALOG_COMPILER_GLOBAL_ACCENT_COLOR_NAME = AccentColor;
				CODE_SIGN_STYLE = Automatic;
				DEVELOPMENT_ASSET_PATHS = "\"OrderLunchWrap/Preview Content\"";
				DEVELOPMENT_TEAM = V5NSA953R6;
				ENABLE_PREVIEWS = YES;
				INFOPLIST_FILE = OrderLunchWrap/Info.plist;
				LD_RUNPATH_SEARCH_PATHS = (
					"$(inherited)",
					"@executable_path/Frameworks",
				);
				PRODUCT_BUNDLE_IDENTIFIER = com.joshuapalgon.OrderLunchWrap;
				PRODUCT_NAME = "$(TARGET_NAME)";
				SWIFT_VERSION = 5.0;
				TARGETED_DEVICE_FAMILY = "1,2";
			};
			name = Debug;
		};
		F485FDAA257D4534008BB6AB /* Release */ = {
			isa = XCBuildConfiguration;
			buildSettings = {
				ASSETCATALOG_COMPILER_APPICON_NAME = AppIcon;
				ASSETCATALOG_COMPILER_GLOBAL_ACCENT_COLOR_NAME = AccentColor;
				CODE_SIGN_STYLE = Automatic;
				DEVELOPMENT_ASSET_PATHS = "\"OrderLunchWrap/Preview Content\"";
				DEVELOPMENT_TEAM = V5NSA953R6;
				ENABLE_PREVIEWS = YES;
				INFOPLIST_FILE = OrderLunchWrap/Info.plist;
				LD_RUNPATH_SEARCH_PATHS = (
					"$(inherited)",
					"@executable_path/Frameworks",
				);
				PRODUCT_BUNDLE_IDENTIFIER = com.joshuapalgon.OrderLunchWrap;
				PRODUCT_NAME = "$(TARGET_NAME)";
				SWIFT_VERSION = 5.0;
				TARGETED_DEVICE_FAMILY = "1,2";
			};
			name = Release;
		};
/* End XCBuildConfiguration section */

/* Begin XCConfigurationList section */
		F485FD8F257D4533008BB6AB /* Build configuration list for PBXProject "OrderLunchWrap" */ = {
			isa = XCConfigurationList;
			buildConfigurations = (
				F485FDA6257D4534008BB6AB /* Debug */,
				F485FDA7257D4534008BB6AB /* Release */,
			);
			defaultConfigurationIsVisible = 0;
			defaultConfigurationName = Release;
		};
		F485FDA8257D4534008BB6AB /* Build configuration list for PBXNativeTarget "OrderLunchWrap" */ = {
			isa = XCConfigurationList;
			buildConfigurations = (
				F485FDA9257D4534008BB6AB /* Debug */,
				F485FDAA257D4534008BB6AB /* Release */,
			);
			defaultConfigurationIsVisible = 0;
			defaultConfigurationName = Release;
		};
/* End XCConfigurationList section */
	};
	rootObject = F485FD8C257D4533008BB6AB /* Project object */;
}
